# THIS IS AN AUTOGENERATED FILE. DO NOT EDIT THIS FILE DIRECTLY.
# yarn lockfile v1


"@babel/runtime@^7.16.7":
  version "7.17.2"
  resolved "https://registry.yarnpkg.com/@babel/runtime/-/runtime-7.17.2.tgz#66f68591605e59da47523c631416b18508779941"
  integrity sha512-hzeyJyMA1YGdJTuWU0e/j4wKXrU4OMFvY2MSlaI9B7VQb0r5cxTE3EAIS2Q7Tn2RIcDkRvTA/v2JsAEhxe99uw==
  dependencies:
    regenerator-runtime "^0.13.4"

antd-img-crop@^4.1.0:
  version "4.1.0"
  resolved "https://registry.yarnpkg.com/antd-img-crop/-/antd-img-crop-4.1.0.tgz#679872675c26122b8c86d0c5cf0fa8d43d9af6ae"
  integrity sha512-41wH5kvn00fdWF1doN0MAXpTWjawUWbiOyDVuQGM8NIffs6YQ2ihgoVhaBMnbs9VCswrCAAHdo3nYL8B8Rg0tA==
  dependencies:
    "@babel/runtime" "^7.16.7"
    react-easy-crop "^4.0.1"

normalize-wheel@^1.0.1:
  version "1.0.1"
  resolved "https://registry.yarnpkg.com/normalize-wheel/-/normalize-wheel-1.0.1.tgz#aec886affdb045070d856447df62ecf86146ec45"
  integrity sha1-rsiGr/2wRQcNhWRH32Ls+GFG7EU=

react-easy-crop@^4.0.1:
  version "4.0.2"
  resolved "https://registry.yarnpkg.com/react-easy-crop/-/react-easy-crop-4.0.2.tgz#fd9263d792108fa5c4bef11a6d7a5582e47b4bbe"
  integrity sha512-VQ5UipYdaL7yR3KWWKr7E4WuC6NOaXzs5Zxyh9eniC6nWRPnjvsKA0EesxxRMaE8EHWtZub69fKEfuDSvXeP1A==
  dependencies:
    normalize-wheel "^1.0.1"
    tslib "2.0.1"

regenerator-runtime@^0.13.4:
  version "0.13.9"
  resolved "https://registry.yarnpkg.com/regenerator-runtime/-/regenerator-runtime-0.13.9.tgz#8925742a98ffd90814988d7566ad30ca3b263b52"
  integrity sha512-p3VT+cOEgxFsRRA9X4lkI1E+k2/CtnKtU4gcxyaCUreilL/vqI6CdZ3wxVUx3UOUg+gnUOQQcRI7BmSI656MYA==

tslib@2.0.1:
  version "2.0.1"
  resolved "https://registry.yarnpkg.com/tslib/-/tslib-2.0.1.tgz#410eb0d113e5b6356490eec749603725b021b43e"
  integrity sha512-SgIkNheinmEBgx1IUNirK0TUD4X9yjjBRTqqjggWCU3pUEqIk3/Uwl3yRixYKT6WjQuGiwDv4NomL3wqRCj+CQ==
